
Microsoft Visual Studio Solution File, Format Version 12.00
# Visual Studio Version 17
VisualStudioVersion = 17.6.33829.357
MinimumVisualStudioVersion = 10.0.40219.1
Project("{9A19103F-16F7-4668-BE54-9A1E7A4F7556}") = "Orleans.Providers.Neo4j", "Orleans.Providers.Neo4j\Orleans.Providers.Neo4j.csproj", "{7EB72379-4883-4BB5-8EF4-E6390CD1FED6}"
EndProject
Project("{9A19103F-16F7-4668-BE54-9A1E7A4F7556}") = "Orleans.Providers.Neo4j.Tests", "Orleans.Providers.Neo4j.Tests\Orleans.Providers.Neo4j.Tests.csproj", "{6851DB1B-9BAE-41B6-B583-F5CBE6463BBC}"
EndProject
Global
	GlobalSection(SolutionConfigurationPlatforms) = preSolution
		Debug|Any CPU = Debug|Any CPU
		Release|Any CPU = Release|Any CPU
	EndGlobalSection
	GlobalSection(ProjectConfigurationPlatforms) = postSolution
		{7EB72379-4883-4BB5-8EF4-E6390CD1FED6}.Debug|Any CPU.ActiveCfg = Debug|Any CPU
		{7EB72379-4883-4BB5-8EF4-E6390CD1FED6}.Debug|Any CPU.Build.0 = Debug|Any CPU
		{7EB72379-4883-4BB5-8EF4-E6390CD1FED6}.Release|Any CPU.ActiveCfg = Release|Any CPU
		{7EB72379-4883-4BB5-8EF4-E6390CD1FED6}.Release|Any CPU.Build.0 = Release|Any CPU
		{6851DB1B-9BAE-41B6-B583-F5CBE6463BBC}.Debug|Any CPU.ActiveCfg = Debug|Any CPU
		{6851DB1B-9BAE-41B6-B583-F5CBE6463BBC}.Debug|Any CPU.Build.0 = Debug|Any CPU
		{6851DB1B-9BAE-41B6-B583-F5CBE6463BBC}.Release|Any CPU.ActiveCfg = Release|Any CPU
		{6851DB1B-9BAE-41B6-B583-F5CBE6463BBC}.Release|Any CPU.Build.0 = Release|Any CPU
	EndGlobalSection
	GlobalSection(SolutionProperties) = preSolution
		HideSolutionNode = FALSE
	EndGlobalSection
	GlobalSection(ExtensibilityGlobals) = postSolution
		SolutionGuid = {BDAE47FD-FC95-4466-A882-ED911C08E40C}
	EndGlobalSection
EndGlobal
